// !$*UTF8*$!
{
	archiveVersion = 1;
	classes = {
	};
	objectVersion = 56;
	objects = {

/* Begin PBXBuildFile section */
		B50C12282AD50D3700C4AE92 /* WeatherResponse.swift in Sources */ = {isa = PBXBuildFile; fileRef = B50C12272AD50D3700C4AE92 /* WeatherResponse.swift */; };
		B50C122A2AD5296100C4AE92 /* LocationManger.swift in Sources */ = {isa = PBXBuildFile; fileRef = B50C12292AD5296100C4AE92 /* LocationManger.swift */; };
		B5E3752C2AD3E103005088B1 /* todaktodakApp.swift in Sources */ = {isa = PBXBuildFile; fileRef = B5E3752B2AD3E103005088B1 /* todaktodakApp.swift */; };
		B5E3752E2AD3E103005088B1 /* ContentView.swift in Sources */ = {isa = PBXBuildFile; fileRef = B5E3752D2AD3E103005088B1 /* ContentView.swift */; };
		B5E375302AD3E104005088B1 /* Assets.xcassets in Resources */ = {isa = PBXBuildFile; fileRef = B5E3752F2AD3E104005088B1 /* Assets.xcassets */; };
		B5E375332AD3E104005088B1 /* Preview Assets.xcassets in Resources */ = {isa = PBXBuildFile; fileRef = B5E375322AD3E104005088B1 /* Preview Assets.xcassets */; };
		B5E3753D2AD3E104005088B1 /* todaktodakTests.swift in Sources */ = {isa = PBXBuildFile; fileRef = B5E3753C2AD3E104005088B1 /* todaktodakTests.swift */; };
		B5E375472AD3E104005088B1 /* todaktodakUITests.swift in Sources */ = {isa = PBXBuildFile; fileRef = B5E375462AD3E104005088B1 /* todaktodakUITests.swift */; };
		B5E375492AD3E104005088B1 /* todaktodakUITestsLaunchTests.swift in Sources */ = {isa = PBXBuildFile; fileRef = B5E375482AD3E104005088B1 /* todaktodakUITestsLaunchTests.swift */; };
/* End PBXBuildFile section */

/* Begin PBXContainerItemProxy section */
		B5E375392AD3E104005088B1 /* PBXContainerItemProxy */ = {
			isa = PBXContainerItemProxy;
			containerPortal = B5E375202AD3E103005088B1 /* Project object */;
			proxyType = 1;
			remoteGlobalIDString = B5E375272AD3E103005088B1;
			remoteInfo = todaktodak;
		};
		B5E375432AD3E104005088B1 /* PBXContainerItemProxy */ = {
			isa = PBXContainerItemProxy;
			containerPortal = B5E375202AD3E103005088B1 /* Project object */;
			proxyType = 1;
			remoteGlobalIDString = B5E375272AD3E103005088B1;
			remoteInfo = todaktodak;
		};
/* End PBXContainerItemProxy section */

/* Begin PBXFileReference section */
		B50C12272AD50D3700C4AE92 /* WeatherResponse.swift */ = {isa = PBXFileReference; lastKnownFileType = sourcecode.swift; path = WeatherResponse.swift; sourceTree = "<group>"; };
		B50C12292AD5296100C4AE92 /* LocationManger.swift */ = {isa = PBXFileReference; lastKnownFileType = sourcecode.swift; path = LocationManger.swift; sourceTree = "<group>"; };
		B5E375282AD3E103005088B1 /* weather.app */ = {isa = PBXFileReference; explicitFileType = wrapper.application; includeInIndex = 0; path = weather.app; sourceTree = BUILT_PRODUCTS_DIR; };
		B5E3752B2AD3E103005088B1 /* todaktodakApp.swift */ = {isa = PBXFileReference; lastKnownFileType = sourcecode.swift; path = todaktodakApp.swift; sourceTree = "<group>"; };
		B5E3752D2AD3E103005088B1 /* ContentView.swift */ = {isa = PBXFileReference; lastKnownFileType = sourcecode.swift; path = ContentView.swift; sourceTree = "<group>"; };
		B5E3752F2AD3E104005088B1 /* Assets.xcassets */ = {isa = PBXFileReference; lastKnownFileType = folder.assetcatalog; path = Assets.xcassets; sourceTree = "<group>"; };
		B5E375322AD3E104005088B1 /* Preview Assets.xcassets */ = {isa = PBXFileReference; lastKnownFileType = folder.assetcatalog; path = "Preview Assets.xcassets"; sourceTree = "<group>"; };
		B5E375382AD3E104005088B1 /* weatherTests.xctest */ = {isa = PBXFileReference; explicitFileType = wrapper.cfbundle; includeInIndex = 0; path = weatherTests.xctest; sourceTree = BUILT_PRODUCTS_DIR; };
		B5E3753C2AD3E104005088B1 /* todaktodakTests.swift */ = {isa = PBXFileReference; lastKnownFileType = sourcecode.swift; path = todaktodakTests.swift; sourceTree = "<group>"; };
		B5E375422AD3E104005088B1 /* weatherUITests.xctest */ = {isa = PBXFileReference; explicitFileType = wrapper.cfbundle; includeInIndex = 0; path = weatherUITests.xctest; sourceTree = BUILT_PRODUCTS_DIR; };
		B5E375462AD3E104005088B1 /* todaktodakUITests.swift */ = {isa = PBXFileReference; lastKnownFileType = sourcecode.swift; path = todaktodakUITests.swift; sourceTree = "<group>"; };
		B5E375482AD3E104005088B1 /* todaktodakUITestsLaunchTests.swift */ = {isa = PBXFileReference; lastKnownFileType = sourcecode.swift; path = todaktodakUITestsLaunchTests.swift; sourceTree = "<group>"; };
/* End PBXFileReference section */

/* Begin PBXFrameworksBuildPhase section */
		B5E375252AD3E103005088B1 /* Frameworks */ = {
			isa = PBXFrameworksBuildPhase;
			buildActionMask = 2147483647;
			files = (
			);
			runOnlyForDeploymentPostprocessing = 0;
		};
		B5E375352AD3E104005088B1 /* Frameworks */ = {
			isa = PBXFrameworksBuildPhase;
			buildActionMask = 2147483647;
			files = (
			);
			runOnlyForDeploymentPostprocessing = 0;
		};
		B5E3753F2AD3E104005088B1 /* Frameworks */ = {
			isa = PBXFrameworksBuildPhase;
			buildActionMask = 2147483647;
			files = (
			);
			runOnlyForDeploymentPostprocessing = 0;
		};
/* End PBXFrameworksBuildPhase section */

/* Begin PBXGroup section */
		B5E3751F2AD3E103005088B1 = {
			isa = PBXGroup;
			children = (
				B5E3752A2AD3E103005088B1 /* weather */,
				B5E3753B2AD3E104005088B1 /* weatherTests */,
				B5E375452AD3E104005088B1 /* weatherUITests */,
				B5E375292AD3E103005088B1 /* Products */,
			);
			sourceTree = "<group>";
		};
		B5E375292AD3E103005088B1 /* Products */ = {
			isa = PBXGroup;
			children = (
				B5E375282AD3E103005088B1 /* weather.app */,
				B5E375382AD3E104005088B1 /* weatherTests.xctest */,
				B5E375422AD3E104005088B1 /* weatherUITests.xctest */,
			);
			name = Products;
			sourceTree = "<group>";
		};
		B5E3752A2AD3E103005088B1 /* weather */ = {
			isa = PBXGroup;
			children = (
				B5E3752B2AD3E103005088B1 /* todaktodakApp.swift */,
				B5E3752D2AD3E103005088B1 /* ContentView.swift */,
				B5E3752F2AD3E104005088B1 /* Assets.xcassets */,
				B5E375312AD3E104005088B1 /* Preview Content */,
				B50C12272AD50D3700C4AE92 /* WeatherResponse.swift */,
				B50C12292AD5296100C4AE92 /* LocationManger.swift */,
			);
			path = weather;
			sourceTree = "<group>";
		};
		B5E375312AD3E104005088B1 /* Preview Content */ = {
			isa = PBXGroup;
			children = (
				B5E375322AD3E104005088B1 /* Preview Assets.xcassets */,
			);
			path = "Preview Content";
			sourceTree = "<group>";
		};
		B5E3753B2AD3E104005088B1 /* weatherTests */ = {
			isa = PBXGroup;
			children = (
				B5E3753C2AD3E104005088B1 /* todaktodakTests.swift */,
			);
			path = weatherTests;
			sourceTree = "<group>";
		};
		B5E375452AD3E104005088B1 /* weatherUITests */ = {
			isa = PBXGroup;
			children = (
				B5E375462AD3E104005088B1 /* todaktodakUITests.swift */,
				B5E375482AD3E104005088B1 /* todaktodakUITestsLaunchTests.swift */,
			);
			path = weatherUITests;
			sourceTree = "<group>";
		};
/* End PBXGroup section */

/* Begin PBXNativeTarget section */
		B5E375272AD3E103005088B1 /* weather */ = {
			isa = PBXNativeTarget;
			buildConfigurationList = B5E3754C2AD3E104005088B1 /* Build configuration list for PBXNativeTarget "weather" */;
			buildPhases = (
				B5E375242AD3E103005088B1 /* Sources */,
				B5E375252AD3E103005088B1 /* Frameworks */,
				B5E375262AD3E103005088B1 /* Resources */,
			);
			buildRules = (
			);
			dependencies = (
			);
			name = weather;
			productName = todaktodak;
			productReference = B5E375282AD3E103005088B1 /* weather.app */;
			productType = "com.apple.product-type.application";
		};
		B5E375372AD3E104005088B1 /* weatherTests */ = {
			isa = PBXNativeTarget;
			buildConfigurationList = B5E3754F2AD3E104005088B1 /* Build configuration list for PBXNativeTarget "weatherTests" */;
			buildPhases = (
				B5E375342AD3E104005088B1 /* Sources */,
				B5E375352AD3E104005088B1 /* Frameworks */,
				B5E375362AD3E104005088B1 /* Resources */,
			);
			buildRules = (
			);
			dependencies = (
				B5E3753A2AD3E104005088B1 /* PBXTargetDependency */,
			);
			name = weatherTests;
			productName = todaktodakTests;
			productReference = B5E375382AD3E104005088B1 /* weatherTests.xctest */;
			productType = "com.apple.product-type.bundle.unit-test";
		};
		B5E375412AD3E104005088B1 /* weatherUITests */ = {
			isa = PBXNativeTarget;
			buildConfigurationList = B5E375522AD3E104005088B1 /* Build configuration list for PBXNativeTarget "weatherUITests" */;
			buildPhases = (
				B5E3753E2AD3E104005088B1 /* Sources */,
				B5E3753F2AD3E104005088B1 /* Frameworks */,
				B5E375402AD3E104005088B1 /* Resources */,
			);
			buildRules = (
			);
			dependencies = (
				B5E375442AD3E104005088B1 /* PBXTargetDependency */,
			);
			name = weatherUITests;
			productName = todaktodakUITests;
			productReference = B5E375422AD3E104005088B1 /* weatherUITests.xctest */;
			productType = "com.apple.product-type.bundle.ui-testing";
		};
/* End PBXNativeTarget section */

/* Begin PBXProject section */
		B5E375202AD3E103005088B1 /* Project object */ = {
			isa = PBXProject;
			attributes = {
				BuildIndependentTargetsInParallel = YES;
				LastSwiftUpdateCheck = 1430;
				LastUpgradeCheck = 1430;
				TargetAttributes = {
					B5E375272AD3E103005088B1 = {
						CreatedOnToolsVersion = 14.3.1;
					};
					B5E375372AD3E104005088B1 = {
						CreatedOnToolsVersion = 14.3.1;
						TestTargetID = B5E375272AD3E103005088B1;
					};
					B5E375412AD3E104005088B1 = {
						CreatedOnToolsVersion = 14.3.1;
						TestTargetID = B5E375272AD3E103005088B1;
					};
				};
			};
			buildConfigurationList = B5E375232AD3E103005088B1 /* Build configuration list for PBXProject "weather" */;
			compatibilityVersion = "Xcode 14.0";
			developmentRegion = en;
			hasScannedForEncodings = 0;
			knownRegions = (
				en,
				Base,
			);
			mainGroup = B5E3751F2AD3E103005088B1;
			productRefGroup = B5E375292AD3E103005088B1 /* Products */;
			projectDirPath = "";
			projectRoot = "";
			targets = (
				B5E375272AD3E103005088B1 /* weather */,
				B5E375372AD3E104005088B1 /* weatherTests */,
				B5E375412AD3E104005088B1 /* weatherUITests */,
			);
		};
/* End PBXProject section */

/* Begin PBXResourcesBuildPhase section */
		B5E375262AD3E103005088B1 /* Resources */ = {
			isa = PBXResourcesBuildPhase;
			buildActionMask = 2147483647;
			files = (
				B5E375332AD3E104005088B1 /* Preview Assets.xcassets in Resources */,
				B5E375302AD3E104005088B1 /* Assets.xcassets in Resources */,
			);
			runOnlyForDeploymentPostprocessing = 0;
		};
		B5E375362AD3E104005088B1 /* Resources */ = {
			isa = PBXResourcesBuildPhase;
			buildActionMask = 2147483647;
			files = (
			);
			runOnlyForDeploymentPostprocessing = 0;
		};
		B5E375402AD3E104005088B1 /* Resources */ = {
			isa = PBXResourcesBuildPhase;
			buildActionMask = 2147483647;
			files = (
			);
			runOnlyForDeploymentPostprocessing = 0;
		};
/* End PBXResourcesBuildPhase section */

/* Begin PBXSourcesBuildPhase section */
		B5E375242AD3E103005088B1 /* Sources */ = {
			isa = PBXSourcesBuildPhase;
			buildActionMask = 2147483647;
			files = (
				B5E3752E2AD3E103005088B1 /* ContentView.swift in Sources */,
				B50C12282AD50D3700C4AE92 /* WeatherResponse.swift in Sources */,
				B50C122A2AD5296100C4AE92 /* LocationManger.swift in Sources */,
				B5E3752C2AD3E103005088B1 /* todaktodakApp.swift in Sources */,
			);
			runOnlyForDeploymentPostprocessing = 0;
		};
		B5E375342AD3E104005088B1 /* Sources */ = {
			isa = PBXSourcesBuildPhase;
			buildActionMask = 2147483647;
			files = (
				B5E3753D2AD3E104005088B1 /* todaktodakTests.swift in Sources */,
			);
			runOnlyForDeploymentPostprocessing = 0;
		};
		B5E3753E2AD3E104005088B1 /* Sources */ = {
			isa = PBXSourcesBuildPhase;
			buildActionMask = 2147483647;
			files = (
				B5E375492AD3E104005088B1 /* todaktodakUITestsLaunchTests.swift in Sources */,
				B5E375472AD3E104005088B1 /* todaktodakUITests.swift in Sources */,
			);
			runOnlyForDeploymentPostprocessing = 0;
		};
/* End PBXSourcesBuildPhase section */

/* Begin PBXTargetDependency section */
		B5E3753A2AD3E104005088B1 /* PBXTargetDependency */ = {
			isa = PBXTargetDependency;
			target = B5E375272AD3E103005088B1 /* weather */;
			targetProxy = B5E375392AD3E104005088B1 /* PBXContainerItemProxy */;
		};
		B5E375442AD3E104005088B1 /* PBXTargetDependency */ = {
			isa = PBXTargetDependency;
			target = B5E375272AD3E103005088B1 /* weather */;
			targetProxy = B5E375432AD3E104005088B1 /* PBXContainerItemProxy */;
		};
/* End PBXTargetDependency section */

/* Begin XCBuildConfiguration section */
		B5E3754A2AD3E104005088B1 /* Debug */ = {
			isa = XCBuildConfiguration;
			buildSettings = {
				ALWAYS_SEARCH_USER_PATHS = NO;
				CLANG_ANALYZER_NONNULL = YES;
				CLANG_ANALYZER_NUMBER_OBJECT_CONVERSION = YES_AGGRESSIVE;
				CLANG_CXX_LANGUAGE_STANDARD = "gnu++20";
				CLANG_ENABLE_MODULES = YES;
				CLANG_ENABLE_OBJC_ARC = YES;
				CLANG_ENABLE_OBJC_WEAK = YES;
				CLANG_WARN_BLOCK_CAPTURE_AUTORELEASING = YES;
				CLANG_WARN_BOOL_CONVERSION = YES;
				CLANG_WARN_COMMA = YES;
				CLANG_WARN_CONSTANT_CONVERSION = YES;
				CLANG_WARN_DEPRECATED_OBJC_IMPLEMENTATIONS = YES;
				CLANG_WARN_DIRECT_OBJC_ISA_USAGE = YES_ERROR;
				CLANG_WARN_DOCUMENTATION_COMMENTS = YES;
				CLANG_WARN_EMPTY_BODY = YES;
				CLANG_WARN_ENUM_CONVERSION = YES;
				CLANG_WARN_INFINITE_RECURSION = YES;
				CLANG_WARN_INT_CONVERSION = YES;
				CLANG_WARN_NON_LITERAL_NULL_CONVERSION = YES;
				CLANG_WARN_OBJC_IMPLICIT_RETAIN_SELF = YES;
				CLANG_WARN_OBJC_LITERAL_CONVERSION = YES;
				CLANG_WARN_OBJC_ROOT_CLASS = YES_ERROR;
				CLANG_WARN_QUOTED_INCLUDE_IN_FRAMEWORK_HEADER = YES;
				CLANG_WARN_RANGE_LOOP_ANALYSIS = YES;
				CLANG_WARN_STRICT_PROTOTYPES = YES;
				CLANG_WARN_SUSPICIOUS_MOVE = YES;
				CLANG_WARN_UNGUARDED_AVAILABILITY = YES_AGGRESSIVE;
				CLANG_WARN_UNREACHABLE_CODE = YES;
				CLANG_WARN__DUPLICATE_METHOD_MATCH = YES;
				COPY_PHASE_STRIP = NO;
				DEBUG_INFORMATION_FORMAT = dwarf;
				DONT_GENERATE_INFOPLIST_FILE = NO;
				ENABLE_STRICT_OBJC_MSGSEND = YES;
				ENABLE_TESTABILITY = YES;
				GCC_C_LANGUAGE_STANDARD = gnu11;
				GCC_DYNAMIC_NO_PIC = NO;
				GCC_NO_COMMON_BLOCKS = YES;
				GCC_OPTIMIZATION_LEVEL = 0;
				GCC_PREPROCESSOR_DEFINITIONS = (
					"DEBUG=1",
					"$(inherited)",
				);
				GCC_WARN_64_TO_32_BIT_CONVERSION = YES;
				GCC_WARN_ABOUT_RETURN_TYPE = YES_ERROR;
				GCC_WARN_UNDECLARED_SELECTOR = YES;
				GCC_WARN_UNINITIALIZED_AUTOS = YES_AGGRESSIVE;
				GCC_WARN_UNUSED_FUNCTION = YES;
				GCC_WARN_UNUSED_VARIABLE = YES;
				GENERATE_INFOPLIST_FILE = NO;
				INFOPLIST_FILE = "";
				INFOPLIST_KEY_NSLocationAlwaysAndWhenInUseUsageDescription = "";
				IPHONEOS_DEPLOYMENT_TARGET = 17.0;
				MTL_ENABLE_DEBUG_INFO = INCLUDE_SOURCE;
				MTL_FAST_MATH = YES;
				ONLY_ACTIVE_ARCH = YES;
				SDKROOT = iphoneos;
				SWIFT_ACTIVE_COMPILATION_CONDITIONS = DEBUG;
				SWIFT_OPTIMIZATION_LEVEL = "-Onone";
			};
			name = Debug;
		};
		B5E3754B2AD3E104005088B1 /* Release */ = {
			isa = XCBuildConfiguration;
			buildSettings = {
				ALWAYS_SEARCH_USER_PATHS = NO;
				CLANG_ANALYZER_NONNULL = YES;
				CLANG_ANALYZER_NUMBER_OBJECT_CONVERSION = YES_AGGRESSIVE;
				CLANG_CXX_LANGUAGE_STANDARD = "gnu++20";
				CLANG_ENABLE_MODULES = YES;
				CLANG_ENABLE_OBJC_ARC = YES;
				CLANG_ENABLE_OBJC_WEAK = YES;
				CLANG_WARN_BLOCK_CAPTURE_AUTORELEASING = YES;
				CLANG_WARN_BOOL_CONVERSION = YES;
				CLANG_WARN_COMMA = YES;
				CLANG_WARN_CONSTANT_CONVERSION = YES;
				CLANG_WARN_DEPRECATED_OBJC_IMPLEMENTATIONS = YES;
				CLANG_WARN_DIRECT_OBJC_ISA_USAGE = YES_ERROR;
				CLANG_WARN_DOCUMENTATION_COMMENTS = YES;
				CLANG_WARN_EMPTY_BODY = YES;
				CLANG_WARN_ENUM_CONVERSION = YES;
				CLANG_WARN_INFINITE_RECURSION = YES;
				CLANG_WARN_INT_CONVERSION = YES;
				CLANG_WARN_NON_LITERAL_NULL_CONVERSION = YES;
				CLANG_WARN_OBJC_IMPLICIT_RETAIN_SELF = YES;
				CLANG_WARN_OBJC_LITERAL_CONVERSION = YES;
				CLANG_WARN_OBJC_ROOT_CLASS = YES_ERROR;
				CLANG_WARN_QUOTED_INCLUDE_IN_FRAMEWORK_HEADER = YES;
				CLANG_WARN_RANGE_LOOP_ANALYSIS = YES;
				CLANG_WARN_STRICT_PROTOTYPES = YES;
				CLANG_WARN_SUSPICIOUS_MOVE = YES;
				CLANG_WARN_UNGUARDED_AVAILABILITY = YES_AGGRESSIVE;
				CLANG_WARN_UNREACHABLE_CODE = YES;
				CLANG_WARN__DUPLICATE_METHOD_MATCH = YES;
				COPY_PHASE_STRIP = NO;
				DEBUG_INFORMATION_FORMAT = "dwarf-with-dsym";
				DONT_GENERATE_INFOPLIST_FILE = NO;
				ENABLE_NS_ASSERTIONS = NO;
				ENABLE_STRICT_OBJC_MSGSEND = YES;
				GCC_C_LANGUAGE_STANDARD = gnu11;
				GCC_NO_COMMON_BLOCKS = YES;
				GCC_WARN_64_TO_32_BIT_CONVERSION = YES;
				GCC_WARN_ABOUT_RETURN_TYPE = YES_ERROR;
				GCC_WARN_UNDECLARED_SELECTOR = YES;
				GCC_WARN_UNINITIALIZED_AUTOS = YES_AGGRESSIVE;
				GCC_WARN_UNUSED_FUNCTION = YES;
				GCC_WARN_UNUSED_VARIABLE = YES;
				GENERATE_INFOPLIST_FILE = NO;
				INFOPLIST_FILE = "";
				INFOPLIST_KEY_NSLocationAlwaysAndWhenInUseUsageDescription = "";
				IPHONEOS_DEPLOYMENT_TARGET = 17.0;
				MTL_ENABLE_DEBUG_INFO = NO;
				MTL_FAST_MATH = YES;
				SDKROOT = iphoneos;
				SWIFT_COMPILATION_MODE = wholemodule;
				SWIFT_OPTIMIZATION_LEVEL = "-O";
				VALIDATE_PRODUCT = YES;
			};
			name = Release;
		};
		B5E3754D2AD3E104005088B1 /* Debug */ = {
			isa = XCBuildConfiguration;
			buildSettings = {
				ASSETCATALOG_COMPILER_APPICON_NAME = AppIcon;
				ASSETCATALOG_COMPILER_GLOBAL_ACCENT_COLOR_NAME = AccentColor;
				CODE_SIGN_STYLE = Automatic;
				CURRENT_PROJECT_VERSION = 1;
				DEVELOPMENT_ASSET_PATHS = "\"weather/Preview Content\"";
				DEVELOPMENT_TEAM = K37B9BZAMU;
				ENABLE_PREVIEWS = YES;
				GENERATE_INFOPLIST_FILE = YES;
				INFOPLIST_FILE = "";
				INFOPLIST_KEY_NSLocationAlwaysAndWhenInUseUsageDescription = "날씨 정보를 얻기위해 위치 정보가 필요합니다";
				INFOPLIST_KEY_NSLocationWhenInUseUsageDescription = "날씨 정보를 얻기 위해";
				INFOPLIST_KEY_UIApplicationSceneManifest_Generation = YES;
				INFOPLIST_KEY_UIApplicationSupportsIndirectInputEvents = YES;
				INFOPLIST_KEY_UILaunchScreen_Generation = YES;
				INFOPLIST_KEY_UISupportedInterfaceOrientations_iPad = "UIInterfaceOrientationPortrait UIInterfaceOrientationPortraitUpsideDown UIInterfaceOrientationLandscapeLeft UIInterfaceOrientationLandscapeRight";
				INFOPLIST_KEY_UISupportedInterfaceOrientations_iPhone = "UIInterfaceOrientationPortrait UIInterfaceOrientationLandscapeLeft UIInterfaceOrientationLandscapeRight";
				IPHONEOS_DEPLOYMENT_TARGET = 17.0;
				LD_RUNPATH_SEARCH_PATHS = (
					"$(inherited)",
					"@executable_path/Frameworks",
				);
				MARKETING_VERSION = 1.0;
				PRODUCT_BUNDLE_IDENTIFIER = com.8ind.weather;
				PRODUCT_NAME = "$(TARGET_NAME)";
				SWIFT_EMIT_LOC_STRINGS = YES;
				SWIFT_VERSION = 5.0;
				TARGETED_DEVICE_FAMILY = "1,2";
			};
			name = Debug;
		};
		B5E3754E2AD3E104005088B1 /* Release */ = {
			isa = XCBuildConfiguration;
			buildSettings = {
				ASSETCATALOG_COMPILER_APPICON_NAME = AppIcon;
				ASSETCATALOG_COMPILER_GLOBAL_ACCENT_COLOR_NAME = AccentColor;
				CODE_SIGN_STYLE = Automatic;
				CURRENT_PROJECT_VERSION = 1;
				DEVELOPMENT_ASSET_PATHS = "\"weather/Preview Content\"";
				DEVELOPMENT_TEAM = K37B9BZAMU;
				ENABLE_PREVIEWS = YES;
				GENERATE_INFOPLIST_FILE = YES;
				INFOPLIST_FILE = "";
				INFOPLIST_KEY_NSLocationAlwaysAndWhenInUseUsageDescription = "날씨 정보를 얻기위해 위치 정보가 필요합니다";
				INFOPLIST_KEY_NSLocationWhenInUseUsageDescription = "날씨 정보를 얻기 위해";
				INFOPLIST_KEY_UIApplicationSceneManifest_Generation = YES;
				INFOPLIST_KEY_UIApplicationSupportsIndirectInputEvents = YES;
				INFOPLIST_KEY_UILaunchScreen_Generation = YES;
				INFOPLIST_KEY_UISupportedInterfaceOrientations_iPad = "UIInterfaceOrientationPortrait UIInterfaceOrientationPortraitUpsideDown UIInterfaceOrientationLandscapeLeft UIInterfaceOrientationLandscapeRight";
				INFOPLIST_KEY_UISupportedInterfaceOrientations_iPhone = "UIInterfaceOrientationPortrait UIInterfaceOrientationLandscapeLeft UIInterfaceOrientationLandscapeRight";
				IPHONEOS_DEPLOYMENT_TARGET = 17.0;
				LD_RUNPATH_SEARCH_PATHS = (
					"$(inherited)",
					"@executable_path/Frameworks",
				);
				MARKETING_VERSION = 1.0;
				PRODUCT_BUNDLE_IDENTIFIER = com.8ind.weather;
				PRODUCT_NAME = "$(TARGET_NAME)";
				SWIFT_EMIT_LOC_STRINGS = YES;
				SWIFT_VERSION = 5.0;
				TARGETED_DEVICE_FAMILY = "1,2";
			};
			name = Release;
		};
		B5E375502AD3E104005088B1 /* Debug */ = {
			isa = XCBuildConfiguration;
			buildSettings = {
				ALWAYS_EMBED_SWIFT_STANDARD_LIBRARIES = YES;
				BUNDLE_LOADER = "$(TEST_HOST)";
				CODE_SIGN_STYLE = Automatic;
				CURRENT_PROJECT_VERSION = 1;
				GENERATE_INFOPLIST_FILE = NO;
				INFOPLIST_FILE = todaktodak/Info.plist;
				INFOPLIST_KEY_NSLocationAlwaysAndWhenInUseUsageDescription = "";
				IPHONEOS_DEPLOYMENT_TARGET = 16.4;
				MARKETING_VERSION = 1.0;
				PRODUCT_BUNDLE_IDENTIFIER = com.8ind.todaktodakTests;
				PRODUCT_NAME = "$(TARGET_NAME)";
				SWIFT_EMIT_LOC_STRINGS = NO;
				SWIFT_VERSION = 5.0;
				TARGETED_DEVICE_FAMILY = "1,2";
				TEST_HOST = "$(BUILT_PRODUCTS_DIR)/todaktodak.app/$(BUNDLE_EXECUTABLE_FOLDER_PATH)/todaktodak";
			};
			name = Debug;
		};
		B5E375512AD3E104005088B1 /* Release */ = {
			isa = XCBuildConfiguration;
			buildSettings = {
				ALWAYS_EMBED_SWIFT_STANDARD_LIBRARIES = YES;
				BUNDLE_LOADER = "$(TEST_HOST)";
				CODE_SIGN_STYLE = Automatic;
				CURRENT_PROJECT_VERSION = 1;
				GENERATE_INFOPLIST_FILE = NO;
				INFOPLIST_FILE = todaktodak/Info.plist;
				INFOPLIST_KEY_NSLocationAlwaysAndWhenInUseUsageDescription = "";
				IPHONEOS_DEPLOYMENT_TARGET = 16.4;
				MARKETING_VERSION = 1.0;
				PRODUCT_BUNDLE_IDENTIFIER = com.8ind.todaktodakTests;
				PRODUCT_NAME = "$(TARGET_NAME)";
				SWIFT_EMIT_LOC_STRINGS = NO;
				SWIFT_VERSION = 5.0;
				TARGETED_DEVICE_FAMILY = "1,2";
				TEST_HOST = "$(BUILT_PRODUCTS_DIR)/todaktodak.app/$(BUNDLE_EXECUTABLE_FOLDER_PATH)/todaktodak";
			};
			name = Release;
		};
		B5E375532AD3E104005088B1 /* Debug */ = {
			isa = XCBuildConfiguration;
			buildSettings = {
				ALWAYS_EMBED_SWIFT_STANDARD_LIBRARIES = YES;
				CODE_SIGN_STYLE = Automatic;
				CURRENT_PROJECT_VERSION = 1;
				DEVELOPMENT_TEAM = K37B9BZAMU;
				GENERATE_INFOPLIST_FILE = YES;
				MARKETING_VERSION = 1.0;
				PRODUCT_BUNDLE_IDENTIFIER = com.8ind.todaktodakUITests;
				PRODUCT_NAME = "$(TARGET_NAME)";
				SWIFT_EMIT_LOC_STRINGS = NO;
				SWIFT_VERSION = 5.0;
				TARGETED_DEVICE_FAMILY = "1,2";
				TEST_TARGET_NAME = todaktodak;
			};
			name = Debug;
		};
		B5E375542AD3E104005088B1 /* Release */ = {
			isa = XCBuildConfiguration;
			buildSettings = {
				ALWAYS_EMBED_SWIFT_STANDARD_LIBRARIES = YES;
				CODE_SIGN_STYLE = Automatic;
				CURRENT_PROJECT_VERSION = 1;
				DEVELOPMENT_TEAM = K37B9BZAMU;
				GENERATE_INFOPLIST_FILE = YES;
				MARKETING_VERSION = 1.0;
				PRODUCT_BUNDLE_IDENTIFIER = com.8ind.todaktodakUITests;
				PRODUCT_NAME = "$(TARGET_NAME)";
				SWIFT_EMIT_LOC_STRINGS = NO;
				SWIFT_VERSION = 5.0;
				TARGETED_DEVICE_FAMILY = "1,2";
				TEST_TARGET_NAME = todaktodak;
			};
			name = Release;
		};
/* End XCBuildConfiguration section */

/* Begin XCConfigurationList section */
		B5E375232AD3E103005088B1 /* Build configuration list for PBXProject "weather" */ = {
			isa = XCConfigurationList;
			buildConfigurations = (
				B5E3754A2AD3E104005088B1 /* Debug */,
				B5E3754B2AD3E104005088B1 /* Release */,
			);
			defaultConfigurationIsVisible = 0;
			defaultConfigurationName = Release;
		};
		B5E3754C2AD3E104005088B1 /* Build configuration list for PBXNativeTarget "weather" */ = {
			isa = XCConfigurationList;
			buildConfigurations = (
				B5E3754D2AD3E104005088B1 /* Debug */,
				B5E3754E2AD3E104005088B1 /* Release */,
			);
			defaultConfigurationIsVisible = 0;
			defaultConfigurationName = Release;
		};
		B5E3754F2AD3E104005088B1 /* Build configuration list for PBXNativeTarget "weatherTests" */ = {
			isa = XCConfigurationList;
			buildConfigurations = (
				B5E375502AD3E104005088B1 /* Debug */,
				B5E375512AD3E104005088B1 /* Release */,
			);
			defaultConfigurationIsVisible = 0;
			defaultConfigurationName = Release;
		};
		B5E375522AD3E104005088B1 /* Build configuration list for PBXNativeTarget "weatherUITests" */ = {
			isa = XCConfigurationList;
			buildConfigurations = (
				B5E375532AD3E104005088B1 /* Debug */,
				B5E375542AD3E104005088B1 /* Release */,
			);
			defaultConfigurationIsVisible = 0;
			defaultConfigurationName = Release;
		};
/* End XCConfigurationList section */
	};
	rootObject = B5E375202AD3E103005088B1 /* Project object */;
}
